PODS:
  - InstantSearchVoiceOverlay (1.0.0)

DEPENDENCIES:
  - InstantSearchVoiceOverlay (from `../`)

EXTERNAL SOURCES:
  InstantSearchVoiceOverlay:
    :path: "../"

SPEC CHECKSUMS:
  InstantSearchVoiceOverlay: b34c48dcbf3191c0441642ba4f37547dbc77ffc7

PODFILE CHECKSUM: d68dce0b4f4c21b51c6684bb4e7f024b590eb253

COCOAPODS: 1.7.3
